
Microsoft Visual Studio Solution File, Format Version 12.00
# Visual Studio 15
VisualStudioVersion = 15.0.26730.16
MinimumVisualStudioVersion = 10.0.40219.1
Project("{FAE04EC0-301F-11D3-BF4B-00C04F79EFBC}") = "SimpleService", "SimpleService\SimpleService.csproj", "{E0B9EEF6-F4B3-49ED-9A47-951A42319FAD}"
EndProject
Project("{FAE04EC0-301F-11D3-BF4B-00C04F79EFBC}") = "Host", "Host\Host.csproj", "{464DC714-09D3-4BE4-B20E-1628DD856A24}"
EndProject
Global
	GlobalSection(SolutionConfigurationPlatforms) = preSolution
		Debug|Any CPU = Debug|Any CPU
		Release|Any CPU = Release|Any CPU
	EndGlobalSection
	GlobalSection(ProjectConfigurationPlatforms) = postSolution
		{E0B9EEF6-F4B3-49ED-9A47-951A42319FAD}.Debug|Any CPU.ActiveCfg = Debug|Any CPU
		{E0B9EEF6-F4B3-49ED-9A47-951A42319FAD}.Debug|Any CPU.Build.0 = Debug|Any CPU
		{E0B9EEF6-F4B3-49ED-9A47-951A42319FAD}.Release|Any CPU.ActiveCfg = Release|Any CPU
		{E0B9EEF6-F4B3-49ED-9A47-951A42319FAD}.Release|Any CPU.Build.0 = Release|Any CPU
		{464DC714-09D3-4BE4-B20E-1628DD856A24}.Debug|Any CPU.ActiveCfg = Debug|Any CPU
		{464DC714-09D3-4BE4-B20E-1628DD856A24}.Debug|Any CPU.Build.0 = Debug|Any CPU
		{464DC714-09D3-4BE4-B20E-1628DD856A24}.Release|Any CPU.ActiveCfg = Release|Any CPU
		{464DC714-09D3-4BE4-B20E-1628DD856A24}.Release|Any CPU.Build.0 = Release|Any CPU
	EndGlobalSection
	GlobalSection(SolutionProperties) = preSolution
		HideSolutionNode = FALSE
	EndGlobalSection
	GlobalSection(ExtensibilityGlobals) = postSolution
		SolutionGuid = {316EF02A-0402-423F-A1B1-02C2ADD6F445}
	EndGlobalSection
EndGlobal
